
Microsoft Visual Studio Solution File, Format Version 12.00
# Visual Studio Version 16
VisualStudioVersion = 16.0.29806.167
MinimumVisualStudioVersion = 10.0.40219.1
Project("{FAE04EC0-301F-11D3-BF4B-00C04F79EFBC}") = "StudentsLearning", "StudentsLearning\StudentsLearning.csproj", "{884F0C75-03DA-4D9A-919F-8BB4E2864FCF}"
EndProject
Project("{FAE04EC0-301F-11D3-BF4B-00C04F79EFBC}") = "BusinessLogic", "BusinessLogic\BusinessLogic.csproj", "{2EB1801D-D1B1-48FC-B3F1-EE11E84EFE82}"
EndProject
Global
	GlobalSection(SolutionConfigurationPlatforms) = preSolution
		Debug|Any CPU = Debug|Any CPU
		Release|Any CPU = Release|Any CPU
	EndGlobalSection
	GlobalSection(ProjectConfigurationPlatforms) = postSolution
		{884F0C75-03DA-4D9A-919F-8BB4E2864FCF}.Debug|Any CPU.ActiveCfg = Debug|Any CPU
		{884F0C75-03DA-4D9A-919F-8BB4E2864FCF}.Debug|Any CPU.Build.0 = Debug|Any CPU
		{884F0C75-03DA-4D9A-919F-8BB4E2864FCF}.Release|Any CPU.ActiveCfg = Release|Any CPU
		{884F0C75-03DA-4D9A-919F-8BB4E2864FCF}.Release|Any CPU.Build.0 = Release|Any CPU
		{2EB1801D-D1B1-48FC-B3F1-EE11E84EFE82}.Debug|Any CPU.ActiveCfg = Debug|Any CPU
		{2EB1801D-D1B1-48FC-B3F1-EE11E84EFE82}.Debug|Any CPU.Build.0 = Debug|Any CPU
		{2EB1801D-D1B1-48FC-B3F1-EE11E84EFE82}.Release|Any CPU.ActiveCfg = Release|Any CPU
		{2EB1801D-D1B1-48FC-B3F1-EE11E84EFE82}.Release|Any CPU.Build.0 = Release|Any CPU
	EndGlobalSection
	GlobalSection(SolutionProperties) = preSolution
		HideSolutionNode = FALSE
	EndGlobalSection
	GlobalSection(ExtensibilityGlobals) = postSolution
		SolutionGuid = {8A6A596A-31F1-4D2B-A4E9-06965C3E8990}
	EndGlobalSection
EndGlobal
